
Microsoft Visual Studio Solution File, Format Version 12.00
# Visual Studio 15
VisualStudioVersion = 15.0.27428.2027
MinimumVisualStudioVersion = 10.0.40219.1
Project("{FAE04EC0-301F-11D3-BF4B-00C04F79EFBC}") = "SuiviBourse.Android", "SuiviBourse\SuiviBourse.Android\SuiviBourse.Android.csproj", "{7458D997-4903-4088-97C3-D5D894AC88BD}"
EndProject
Project("{FAE04EC0-301F-11D3-BF4B-00C04F79EFBC}") = "SuiviBourse.iOS", "SuiviBourse\SuiviBourse.iOS\SuiviBourse.iOS.csproj", "{6777544C-3F85-4647-B428-7038AE5214D3}"
EndProject
Project("{FAE04EC0-301F-11D3-BF4B-00C04F79EFBC}") = "SuiviBourse.UWP", "SuiviBourse\SuiviBourse.UWP\SuiviBourse.UWP.csproj", "{F85EFC5D-5EF4-4EF8-9E1C-D65829EEA3AA}"
EndProject
Project("{9A19103F-16F7-4668-BE54-9A1E7A4F7556}") = "SuiviBourse", "SuiviBourse\SuiviBourse\SuiviBourse.csproj", "{4D16A77E-46E3-44C6-9DB5-A35D310887CC}"
EndProject
Project("{2150E333-8FDC-42A3-9474-1A3956D46DE8}") = "Solution Items", "Solution Items", "{C9C0472A-3122-4C61-95CC-13FA8268D78E}"
	ProjectSection(SolutionItems) = preProject
		notes.txt = notes.txt
	EndProjectSection
EndProject
Global
	GlobalSection(SolutionConfigurationPlatforms) = preSolution
		Ad-Hoc|Any CPU = Ad-Hoc|Any CPU
		Ad-Hoc|ARM = Ad-Hoc|ARM
		Ad-Hoc|iPhone = Ad-Hoc|iPhone
		Ad-Hoc|iPhoneSimulator = Ad-Hoc|iPhoneSimulator
		Ad-Hoc|x64 = Ad-Hoc|x64
		Ad-Hoc|x86 = Ad-Hoc|x86
		AppStore|Any CPU = AppStore|Any CPU
		AppStore|ARM = AppStore|ARM
		AppStore|iPhone = AppStore|iPhone
		AppStore|iPhoneSimulator = AppStore|iPhoneSimulator
		AppStore|x64 = AppStore|x64
		AppStore|x86 = AppStore|x86
		Debug|Any CPU = Debug|Any CPU
		Debug|ARM = Debug|ARM
		Debug|iPhone = Debug|iPhone
		Debug|iPhoneSimulator = Debug|iPhoneSimulator
		Debug|x64 = Debug|x64
		Debug|x86 = Debug|x86
		Release|Any CPU = Release|Any CPU
		Release|ARM = Release|ARM
		Release|iPhone = Release|iPhone
		Release|iPhoneSimulator = Release|iPhoneSimulator
		Release|x64 = Release|x64
		Release|x86 = Release|x86
	EndGlobalSection
	GlobalSection(ProjectConfigurationPlatforms) = postSolution
		{7458D997-4903-4088-97C3-D5D894AC88BD}.Ad-Hoc|Any CPU.ActiveCfg = Release|Any CPU
		{7458D997-4903-4088-97C3-D5D894AC88BD}.Ad-Hoc|Any CPU.Build.0 = Release|Any CPU
		{7458D997-4903-4088-97C3-D5D894AC88BD}.Ad-Hoc|Any CPU.Deploy.0 = Release|Any CPU
		{7458D997-4903-4088-97C3-D5D894AC88BD}.Ad-Hoc|ARM.ActiveCfg = Release|Any CPU
		{7458D997-4903-4088-97C3-D5D894AC88BD}.Ad-Hoc|ARM.Build.0 = Release|Any CPU
		{7458D997-4903-4088-97C3-D5D894AC88BD}.Ad-Hoc|ARM.Deploy.0 = Release|Any CPU
		{7458D997-4903-4088-97C3-D5D894AC88BD}.Ad-Hoc|iPhone.ActiveCfg = Release|Any CPU
		{7458D997-4903-4088-97C3-D5D894AC88BD}.Ad-Hoc|iPhone.Build.0 = Release|Any CPU
		{7458D997-4903-4088-97C3-D5D894AC88BD}.Ad-Hoc|iPhone.Deploy.0 = Release|Any CPU
		{7458D997-4903-4088-97C3-D5D894AC88BD}.Ad-Hoc|iPhoneSimulator.ActiveCfg = Release|Any CPU
		{7458D997-4903-4088-97C3-D5D894AC88BD}.Ad-Hoc|iPhoneSimulator.Build.0 = Release|Any CPU
		{7458D997-4903-4088-97C3-D5D894AC88BD}.Ad-Hoc|iPhoneSimulator.Deploy.0 = Release|Any CPU
		{7458D997-4903-4088-97C3-D5D894AC88BD}.Ad-Hoc|x64.ActiveCfg = Release|Any CPU
		{7458D997-4903-4088-97C3-D5D894AC88BD}.Ad-Hoc|x64.Build.0 = Release|Any CPU
		{7458D997-4903-4088-97C3-D5D894AC88BD}.Ad-Hoc|x64.Deploy.0 = Release|Any CPU
		{7458D997-4903-4088-97C3-D5D894AC88BD}.Ad-Hoc|x86.ActiveCfg = Release|Any CPU
		{7458D997-4903-4088-97C3-D5D894AC88BD}.Ad-Hoc|x86.Build.0 = Release|Any CPU
		{7458D997-4903-4088-97C3-D5D894AC88BD}.Ad-Hoc|x86.Deploy.0 = Release|Any CPU
		{7458D997-4903-4088-97C3-D5D894AC88BD}.AppStore|Any CPU.ActiveCfg = Release|Any CPU
		{7458D997-4903-4088-97C3-D5D894AC88BD}.AppStore|Any CPU.Build.0 = Release|Any CPU
		{7458D997-4903-4088-97C3-D5D894AC88BD}.AppStore|Any CPU.Deploy.0 = Release|Any CPU
		{7458D997-4903-4088-97C3-D5D894AC88BD}.AppStore|ARM.ActiveCfg = Release|Any CPU
		{7458D997-4903-4088-97C3-D5D894AC88BD}.AppStore|ARM.Build.0 = Release|Any CPU
		{7458D997-4903-4088-97C3-D5D894AC88BD}.AppStore|ARM.Deploy.0 = Release|Any CPU
		{7458D997-4903-4088-97C3-D5D894AC88BD}.AppStore|iPhone.ActiveCfg = Release|Any CPU
		{7458D997-4903-4088-97C3-D5D894AC88BD}.AppStore|iPhone.Build.0 = Release|Any CPU
		{7458D997-4903-4088-97C3-D5D894AC88BD}.AppStore|iPhone.Deploy.0 = Release|Any CPU
		{7458D997-4903-4088-97C3-D5D894AC88BD}.AppStore|iPhoneSimulator.ActiveCfg = Release|Any CPU
		{7458D997-4903-4088-97C3-D5D894AC88BD}.AppStore|iPhoneSimulator.Build.0 = Release|Any CPU
		{7458D997-4903-4088-97C3-D5D894AC88BD}.AppStore|iPhoneSimulator.Deploy.0 = Release|Any CPU
		{7458D997-4903-4088-97C3-D5D894AC88BD}.AppStore|x64.ActiveCfg = Release|Any CPU
		{7458D997-4903-4088-97C3-D5D894AC88BD}.AppStore|x64.Build.0 = Release|Any CPU
		{7458D997-4903-4088-97C3-D5D894AC88BD}.AppStore|x64.Deploy.0 = Release|Any CPU
		{7458D997-4903-4088-97C3-D5D894AC88BD}.AppStore|x86.ActiveCfg = Release|Any CPU
		{7458D997-4903-4088-97C3-D5D894AC88BD}.AppStore|x86.Build.0 = Release|Any CPU
		{7458D997-4903-4088-97C3-D5D894AC88BD}.AppStore|x86.Deploy.0 = Release|Any CPU
		{7458D997-4903-4088-97C3-D5D894AC88BD}.Debug|Any CPU.ActiveCfg = Debug|Any CPU
		{7458D997-4903-4088-97C3-D5D894AC88BD}.Debug|Any CPU.Build.0 = Debug|Any CPU
		{7458D997-4903-4088-97C3-D5D894AC88BD}.Debug|Any CPU.Deploy.0 = Debug|Any CPU
		{7458D997-4903-4088-97C3-D5D894AC88BD}.Debug|ARM.ActiveCfg = Debug|Any CPU
		{7458D997-4903-4088-97C3-D5D894AC88BD}.Debug|ARM.Build.0 = Debug|Any CPU
		{7458D997-4903-4088-97C3-D5D894AC88BD}.Debug|ARM.Deploy.0 = Debug|Any CPU
		{7458D997-4903-4088-97C3-D5D894AC88BD}.Debug|iPhone.ActiveCfg = Debug|Any CPU
		{7458D997-4903-4088-97C3-D5D894AC88BD}.Debug|iPhone.Build.0 = Debug|Any CPU
		{7458D997-4903-4088-97C3-D5D894AC88BD}.Debug|iPhone.Deploy.0 = Debug|Any CPU
		{7458D997-4903-4088-97C3-D5D894AC88BD}.Debug|iPhoneSimulator.ActiveCfg = Debug|Any CPU
		{7458D997-4903-4088-97C3-D5D894AC88BD}.Debug|iPhoneSimulator.Build.0 = Debug|Any CPU
		{7458D997-4903-4088-97C3-D5D894AC88BD}.Debug|iPhoneSimulator.Deploy.0 = Debug|Any CPU
		{7458D997-4903-4088-97C3-D5D894AC88BD}.Debug|x64.ActiveCfg = Debug|Any CPU
		{7458D997-4903-4088-97C3-D5D894AC88BD}.Debug|x64.Build.0 = Debug|Any CPU
		{7458D997-4903-4088-97C3-D5D894AC88BD}.Debug|x64.Deploy.0 = Debug|Any CPU
		{7458D997-4903-4088-97C3-D5D894AC88BD}.Debug|x86.ActiveCfg = Debug|Any CPU
		{7458D997-4903-4088-97C3-D5D894AC88BD}.Debug|x86.Build.0 = Debug|Any CPU
		{7458D997-4903-4088-97C3-D5D894AC88BD}.Debug|x86.Deploy.0 = Debug|Any CPU
		{7458D997-4903-4088-97C3-D5D894AC88BD}.Release|Any CPU.ActiveCfg = Release|Any CPU
		{7458D997-4903-4088-97C3-D5D894AC88BD}.Release|Any CPU.Build.0 = Release|Any CPU
		{7458D997-4903-4088-97C3-D5D894AC88BD}.Release|Any CPU.Deploy.0 = Release|Any CPU
		{7458D997-4903-4088-97C3-D5D894AC88BD}.Release|ARM.ActiveCfg = Release|Any CPU
		{7458D997-4903-4088-97C3-D5D894AC88BD}.Release|ARM.Build.0 = Release|Any CPU
		{7458D997-4903-4088-97C3-D5D894AC88BD}.Release|ARM.Deploy.0 = Release|Any CPU
		{7458D997-4903-4088-97C3-D5D894AC88BD}.Release|iPhone.ActiveCfg = Release|Any CPU
		{7458D997-4903-4088-97C3-D5D894AC88BD}.Release|iPhone.Build.0 = Release|Any CPU
		{7458D997-4903-4088-97C3-D5D894AC88BD}.Release|iPhone.Deploy.0 = Release|Any CPU
		{7458D997-4903-4088-97C3-D5D894AC88BD}.Release|iPhoneSimulator.ActiveCfg = Release|Any CPU
		{7458D997-4903-4088-97C3-D5D894AC88BD}.Release|iPhoneSimulator.Build.0 = Release|Any CPU
		{7458D997-4903-4088-97C3-D5D894AC88BD}.Release|iPhoneSimulator.Deploy.0 = Release|Any CPU
		{7458D997-4903-4088-97C3-D5D894AC88BD}.Release|x64.ActiveCfg = Release|Any CPU
		{7458D997-4903-4088-97C3-D5D894AC88BD}.Release|x64.Build.0 = Release|Any CPU
		{7458D997-4903-4088-97C3-D5D894AC88BD}.Release|x64.Deploy.0 = Release|Any CPU
		{7458D997-4903-4088-97C3-D5D894AC88BD}.Release|x86.ActiveCfg = Release|Any CPU
		{7458D997-4903-4088-97C3-D5D894AC88BD}.Release|x86.Build.0 = Release|Any CPU
		{7458D997-4903-4088-97C3-D5D894AC88BD}.Release|x86.Deploy.0 = Release|Any CPU
		{6777544C-3F85-4647-B428-7038AE5214D3}.Ad-Hoc|Any CPU.ActiveCfg = Ad-Hoc|iPhone
		{6777544C-3F85-4647-B428-7038AE5214D3}.Ad-Hoc|ARM.ActiveCfg = Ad-Hoc|iPhone
		{6777544C-3F85-4647-B428-7038AE5214D3}.Ad-Hoc|iPhone.ActiveCfg = Ad-Hoc|iPhone
		{6777544C-3F85-4647-B428-7038AE5214D3}.Ad-Hoc|iPhone.Build.0 = Ad-Hoc|iPhone
		{6777544C-3F85-4647-B428-7038AE5214D3}.Ad-Hoc|iPhoneSimulator.ActiveCfg = Ad-Hoc|iPhoneSimulator
		{6777544C-3F85-4647-B428-7038AE5214D3}.Ad-Hoc|iPhoneSimulator.Build.0 = Ad-Hoc|iPhoneSimulator
		{6777544C-3F85-4647-B428-7038AE5214D3}.Ad-Hoc|x64.ActiveCfg = Ad-Hoc|iPhone
		{6777544C-3F85-4647-B428-7038AE5214D3}.Ad-Hoc|x86.ActiveCfg = Ad-Hoc|iPhone
		{6777544C-3F85-4647-B428-7038AE5214D3}.AppStore|Any CPU.ActiveCfg = AppStore|iPhone
		{6777544C-3F85-4647-B428-7038AE5214D3}.AppStore|ARM.ActiveCfg = AppStore|iPhone
		{6777544C-3F85-4647-B428-7038AE5214D3}.AppStore|iPhone.ActiveCfg = AppStore|iPhone
		{6777544C-3F85-4647-B428-7038AE5214D3}.AppStore|iPhone.Build.0 = AppStore|iPhone
		{6777544C-3F85-4647-B428-7038AE5214D3}.AppStore|iPhoneSimulator.ActiveCfg = AppStore|iPhoneSimulator
		{6777544C-3F85-4647-B428-7038AE5214D3}.AppStore|iPhoneSimulator.Build.0 = AppStore|iPhoneSimulator
		{6777544C-3F85-4647-B428-7038AE5214D3}.AppStore|x64.ActiveCfg = AppStore|iPhone
		{6777544C-3F85-4647-B428-7038AE5214D3}.AppStore|x86.ActiveCfg = AppStore|iPhone
		{6777544C-3F85-4647-B428-7038AE5214D3}.Debug|Any CPU.ActiveCfg = Debug|iPhone
		{6777544C-3F85-4647-B428-7038AE5214D3}.Debug|ARM.ActiveCfg = Debug|iPhone
		{6777544C-3F85-4647-B428-7038AE5214D3}.Debug|iPhone.ActiveCfg = Debug|iPhone
		{6777544C-3F85-4647-B428-7038AE5214D3}.Debug|iPhoneSimulator.ActiveCfg = Debug|iPhoneSimulator
		{6777544C-3F85-4647-B428-7038AE5214D3}.Debug|iPhoneSimulator.Build.0 = Debug|iPhoneSimulator
		{6777544C-3F85-4647-B428-7038AE5214D3}.Debug|x64.ActiveCfg = Debug|iPhone
		{6777544C-3F85-4647-B428-7038AE5214D3}.Debug|x86.ActiveCfg = Debug|iPhone
		{6777544C-3F85-4647-B428-7038AE5214D3}.Release|Any CPU.ActiveCfg = Release|iPhone
		{6777544C-3F85-4647-B428-7038AE5214D3}.Release|ARM.ActiveCfg = Release|iPhone
		{6777544C-3F85-4647-B428-7038AE5214D3}.Release|iPhone.ActiveCfg = Release|iPhone
		{6777544C-3F85-4647-B428-7038AE5214D3}.Release|iPhone.Build.0 = Release|iPhone
		{6777544C-3F85-4647-B428-7038AE5214D3}.Release|iPhoneSimulator.ActiveCfg = Release|iPhoneSimulator
		{6777544C-3F85-4647-B428-7038AE5214D3}.Release|iPhoneSimulator.Build.0 = Release|iPhoneSimulator
		{6777544C-3F85-4647-B428-7038AE5214D3}.Release|x64.ActiveCfg = Release|iPhone
		{6777544C-3F85-4647-B428-7038AE5214D3}.Release|x86.ActiveCfg = Release|iPhone
		{F85EFC5D-5EF4-4EF8-9E1C-D65829EEA3AA}.Ad-Hoc|Any CPU.ActiveCfg = Release|x86
		{F85EFC5D-5EF4-4EF8-9E1C-D65829EEA3AA}.Ad-Hoc|Any CPU.Build.0 = Release|x86
		{F85EFC5D-5EF4-4EF8-9E1C-D65829EEA3AA}.Ad-Hoc|Any CPU.Deploy.0 = Release|x86
		{F85EFC5D-5EF4-4EF8-9E1C-D65829EEA3AA}.Ad-Hoc|ARM.ActiveCfg = Release|ARM
		{F85EFC5D-5EF4-4EF8-9E1C-D65829EEA3AA}.Ad-Hoc|ARM.Build.0 = Release|ARM
		{F85EFC5D-5EF4-4EF8-9E1C-D65829EEA3AA}.Ad-Hoc|ARM.Deploy.0 = Release|ARM
		{F85EFC5D-5EF4-4EF8-9E1C-D65829EEA3AA}.Ad-Hoc|iPhone.ActiveCfg = Release|x86
		{F85EFC5D-5EF4-4EF8-9E1C-D65829EEA3AA}.Ad-Hoc|iPhone.Build.0 = Release|x86
		{F85EFC5D-5EF4-4EF8-9E1C-D65829EEA3AA}.Ad-Hoc|iPhone.Deploy.0 = Release|x86
		{F85EFC5D-5EF4-4EF8-9E1C-D65829EEA3AA}.Ad-Hoc|iPhoneSimulator.ActiveCfg = Release|x86
		{F85EFC5D-5EF4-4EF8-9E1C-D65829EEA3AA}.Ad-Hoc|iPhoneSimulator.Build.0 = Release|x86
		{F85EFC5D-5EF4-4EF8-9E1C-D65829EEA3AA}.Ad-Hoc|iPhoneSimulator.Deploy.0 = Release|x86
		{F85EFC5D-5EF4-4EF8-9E1C-D65829EEA3AA}.Ad-Hoc|x64.ActiveCfg = Release|x64
		{F85EFC5D-5EF4-4EF8-9E1C-D65829EEA3AA}.Ad-Hoc|x64.Build.0 = Release|x64
		{F85EFC5D-5EF4-4EF8-9E1C-D65829EEA3AA}.Ad-Hoc|x64.Deploy.0 = Release|x64
		{F85EFC5D-5EF4-4EF8-9E1C-D65829EEA3AA}.Ad-Hoc|x86.ActiveCfg = Release|x86
		{F85EFC5D-5EF4-4EF8-9E1C-D65829EEA3AA}.Ad-Hoc|x86.Build.0 = Release|x86
		{F85EFC5D-5EF4-4EF8-9E1C-D65829EEA3AA}.Ad-Hoc|x86.Deploy.0 = Release|x86
		{F85EFC5D-5EF4-4EF8-9E1C-D65829EEA3AA}.AppStore|Any CPU.ActiveCfg = Release|x86
		{F85EFC5D-5EF4-4EF8-9E1C-D65829EEA3AA}.AppStore|Any CPU.Build.0 = Release|x86
		{F85EFC5D-5EF4-4EF8-9E1C-D65829EEA3AA}.AppStore|Any CPU.Deploy.0 = Release|x86
		{F85EFC5D-5EF4-4EF8-9E1C-D65829EEA3AA}.AppStore|ARM.ActiveCfg = Release|ARM
		{F85EFC5D-5EF4-4EF8-9E1C-D65829EEA3AA}.AppStore|ARM.Build.0 = Release|ARM
		{F85EFC5D-5EF4-4EF8-9E1C-D65829EEA3AA}.AppStore|ARM.Deploy.0 = Release|ARM
		{F85EFC5D-5EF4-4EF8-9E1C-D65829EEA3AA}.AppStore|iPhone.ActiveCfg = Release|x86
		{F85EFC5D-5EF4-4EF8-9E1C-D65829EEA3AA}.AppStore|iPhone.Build.0 = Release|x86
		{F85EFC5D-5EF4-4EF8-9E1C-D65829EEA3AA}.AppStore|iPhone.Deploy.0 = Release|x86
		{F85EFC5D-5EF4-4EF8-9E1C-D65829EEA3AA}.AppStore|iPhoneSimulator.ActiveCfg = Release|x86
		{F85EFC5D-5EF4-4EF8-9E1C-D65829EEA3AA}.AppStore|iPhoneSimulator.Build.0 = Release|x86
		{F85EFC5D-5EF4-4EF8-9E1C-D65829EEA3AA}.AppStore|iPhoneSimulator.Deploy.0 = Release|x86
		{F85EFC5D-5EF4-4EF8-9E1C-D65829EEA3AA}.AppStore|x64.ActiveCfg = Release|x64
		{F85EFC5D-5EF4-4EF8-9E1C-D65829EEA3AA}.AppStore|x64.Build.0 = Release|x64
		{F85EFC5D-5EF4-4EF8-9E1C-D65829EEA3AA}.AppStore|x64.Deploy.0 = Release|x64
		{F85EFC5D-5EF4-4EF8-9E1C-D65829EEA3AA}.AppStore|x86.ActiveCfg = Release|x86
		{F85EFC5D-5EF4-4EF8-9E1C-D65829EEA3AA}.AppStore|x86.Build.0 = Release|x86
		{F85EFC5D-5EF4-4EF8-9E1C-D65829EEA3AA}.AppStore|x86.Deploy.0 = Release|x86
		{F85EFC5D-5EF4-4EF8-9E1C-D65829EEA3AA}.Debug|Any CPU.ActiveCfg = Debug|x86
		{F85EFC5D-5EF4-4EF8-9E1C-D65829EEA3AA}.Debug|ARM.ActiveCfg = Debug|ARM
		{F85EFC5D-5EF4-4EF8-9E1C-D65829EEA3AA}.Debug|ARM.Build.0 = Debug|ARM
		{F85EFC5D-5EF4-4EF8-9E1C-D65829EEA3AA}.Debug|ARM.Deploy.0 = Debug|ARM
		{F85EFC5D-5EF4-4EF8-9E1C-D65829EEA3AA}.Debug|iPhone.ActiveCfg = Debug|x86
		{F85EFC5D-5EF4-4EF8-9E1C-D65829EEA3AA}.Debug|iPhoneSimulator.ActiveCfg = Debug|x86
		{F85EFC5D-5EF4-4EF8-9E1C-D65829EEA3AA}.Debug|x64.ActiveCfg = Debug|x64
		{F85EFC5D-5EF4-4EF8-9E1C-D65829EEA3AA}.Debug|x64.Build.0 = Debug|x64
		{F85EFC5D-5EF4-4EF8-9E1C-D65829EEA3AA}.Debug|x64.Deploy.0 = Debug|x64
		{F85EFC5D-5EF4-4EF8-9E1C-D65829EEA3AA}.Debug|x86.ActiveCfg = Debug|x86
		{F85EFC5D-5EF4-4EF8-9E1C-D65829EEA3AA}.Debug|x86.Build.0 = Debug|x86
		{F85EFC5D-5EF4-4EF8-9E1C-D65829EEA3AA}.Debug|x86.Deploy.0 = Debug|x86
		{F85EFC5D-5EF4-4EF8-9E1C-D65829EEA3AA}.Release|Any CPU.ActiveCfg = Release|x86
		{F85EFC5D-5EF4-4EF8-9E1C-D65829EEA3AA}.Release|ARM.ActiveCfg = Release|ARM
		{F85EFC5D-5EF4-4EF8-9E1C-D65829EEA3AA}.Release|ARM.Build.0 = Release|ARM
		{F85EFC5D-5EF4-4EF8-9E1C-D65829EEA3AA}.Release|ARM.Deploy.0 = Release|ARM
		{F85EFC5D-5EF4-4EF8-9E1C-D65829EEA3AA}.Release|iPhone.ActiveCfg = Release|x86
		{F85EFC5D-5EF4-4EF8-9E1C-D65829EEA3AA}.Release|iPhoneSimulator.ActiveCfg = Release|x86
		{F85EFC5D-5EF4-4EF8-9E1C-D65829EEA3AA}.Release|x64.ActiveCfg = Release|x64
		{F85EFC5D-5EF4-4EF8-9E1C-D65829EEA3AA}.Release|x64.Build.0 = Release|x64
		{F85EFC5D-5EF4-4EF8-9E1C-D65829EEA3AA}.Release|x64.Deploy.0 = Release|x64
		{F85EFC5D-5EF4-4EF8-9E1C-D65829EEA3AA}.Release|x86.ActiveCfg = Release|x86
		{F85EFC5D-5EF4-4EF8-9E1C-D65829EEA3AA}.Release|x86.Build.0 = Release|x86
		{F85EFC5D-5EF4-4EF8-9E1C-D65829EEA3AA}.Release|x86.Deploy.0 = Release|x86
		{4D16A77E-46E3-44C6-9DB5-A35D310887CC}.Ad-Hoc|Any CPU.ActiveCfg = Debug|Any CPU
		{4D16A77E-46E3-44C6-9DB5-A35D310887CC}.Ad-Hoc|Any CPU.Build.0 = Debug|Any CPU
		{4D16A77E-46E3-44C6-9DB5-A35D310887CC}.Ad-Hoc|ARM.ActiveCfg = Debug|Any CPU
		{4D16A77E-46E3-44C6-9DB5-A35D310887CC}.Ad-Hoc|ARM.Build.0 = Debug|Any CPU
		{4D16A77E-46E3-44C6-9DB5-A35D310887CC}.Ad-Hoc|iPhone.ActiveCfg = Debug|Any CPU
		{4D16A77E-46E3-44C6-9DB5-A35D310887CC}.Ad-Hoc|iPhone.Build.0 = Debug|Any CPU
		{4D16A77E-46E3-44C6-9DB5-A35D310887CC}.Ad-Hoc|iPhoneSimulator.ActiveCfg = Debug|Any CPU
		{4D16A77E-46E3-44C6-9DB5-A35D310887CC}.Ad-Hoc|iPhoneSimulator.Build.0 = Debug|Any CPU
		{4D16A77E-46E3-44C6-9DB5-A35D310887CC}.Ad-Hoc|x64.ActiveCfg = Debug|Any CPU
		{4D16A77E-46E3-44C6-9DB5-A35D310887CC}.Ad-Hoc|x64.Build.0 = Debug|Any CPU
		{4D16A77E-46E3-44C6-9DB5-A35D310887CC}.Ad-Hoc|x86.ActiveCfg = Debug|Any CPU
		{4D16A77E-46E3-44C6-9DB5-A35D310887CC}.Ad-Hoc|x86.Build.0 = Debug|Any CPU
		{4D16A77E-46E3-44C6-9DB5-A35D310887CC}.AppStore|Any CPU.ActiveCfg = Debug|Any CPU
		{4D16A77E-46E3-44C6-9DB5-A35D310887CC}.AppStore|Any CPU.Build.0 = Debug|Any CPU
		{4D16A77E-46E3-44C6-9DB5-A35D310887CC}.AppStore|ARM.ActiveCfg = Debug|Any CPU
		{4D16A77E-46E3-44C6-9DB5-A35D310887CC}.AppStore|ARM.Build.0 = Debug|Any CPU
		{4D16A77E-46E3-44C6-9DB5-A35D310887CC}.AppStore|iPhone.ActiveCfg = Debug|Any CPU
		{4D16A77E-46E3-44C6-9DB5-A35D310887CC}.AppStore|iPhone.Build.0 = Debug|Any CPU
		{4D16A77E-46E3-44C6-9DB5-A35D310887CC}.AppStore|iPhoneSimulator.ActiveCfg = Debug|Any CPU
		{4D16A77E-46E3-44C6-9DB5-A35D310887CC}.AppStore|iPhoneSimulator.Build.0 = Debug|Any CPU
		{4D16A77E-46E3-44C6-9DB5-A35D310887CC}.AppStore|x64.ActiveCfg = Debug|Any CPU
		{4D16A77E-46E3-44C6-9DB5-A35D310887CC}.AppStore|x64.Build.0 = Debug|Any CPU
		{4D16A77E-46E3-44C6-9DB5-A35D310887CC}.AppStore|x86.ActiveCfg = Debug|Any CPU
		{4D16A77E-46E3-44C6-9DB5-A35D310887CC}.AppStore|x86.Build.0 = Debug|Any CPU
		{4D16A77E-46E3-44C6-9DB5-A35D310887CC}.Debug|Any CPU.ActiveCfg = Debug|Any CPU
		{4D16A77E-46E3-44C6-9DB5-A35D310887CC}.Debug|Any CPU.Build.0 = Debug|Any CPU
		{4D16A77E-46E3-44C6-9DB5-A35D310887CC}.Debug|ARM.ActiveCfg = Debug|Any CPU
		{4D16A77E-46E3-44C6-9DB5-A35D310887CC}.Debug|ARM.Build.0 = Debug|Any CPU
		{4D16A77E-46E3-44C6-9DB5-A35D310887CC}.Debug|iPhone.ActiveCfg = Debug|Any CPU
		{4D16A77E-46E3-44C6-9DB5-A35D310887CC}.Debug|iPhone.Build.0 = Debug|Any CPU
		{4D16A77E-46E3-44C6-9DB5-A35D310887CC}.Debug|iPhoneSimulator.ActiveCfg = Debug|Any CPU
		{4D16A77E-46E3-44C6-9DB5-A35D310887CC}.Debug|iPhoneSimulator.Build.0 = Debug|Any CPU
		{4D16A77E-46E3-44C6-9DB5-A35D310887CC}.Debug|x64.ActiveCfg = Debug|Any CPU
		{4D16A77E-46E3-44C6-9DB5-A35D310887CC}.Debug|x64.Build.0 = Debug|Any CPU
		{4D16A77E-46E3-44C6-9DB5-A35D310887CC}.Debug|x86.ActiveCfg = Debug|Any CPU
		{4D16A77E-46E3-44C6-9DB5-A35D310887CC}.Debug|x86.Build.0 = Debug|Any CPU
		{4D16A77E-46E3-44C6-9DB5-A35D310887CC}.Release|Any CPU.ActiveCfg = Release|Any CPU
		{4D16A77E-46E3-44C6-9DB5-A35D310887CC}.Release|Any CPU.Build.0 = Release|Any CPU
		{4D16A77E-46E3-44C6-9DB5-A35D310887CC}.Release|ARM.ActiveCfg = Release|Any CPU
		{4D16A77E-46E3-44C6-9DB5-A35D310887CC}.Release|ARM.Build.0 = Release|Any CPU
		{4D16A77E-46E3-44C6-9DB5-A35D310887CC}.Release|iPhone.ActiveCfg = Release|Any CPU
		{4D16A77E-46E3-44C6-9DB5-A35D310887CC}.Release|iPhone.Build.0 = Release|Any CPU
		{4D16A77E-46E3-44C6-9DB5-A35D310887CC}.Release|iPhoneSimulator.ActiveCfg = Release|Any CPU
		{4D16A77E-46E3-44C6-9DB5-A35D310887CC}.Release|iPhoneSimulator.Build.0 = Release|Any CPU
		{4D16A77E-46E3-44C6-9DB5-A35D310887CC}.Release|x64.ActiveCfg = Release|Any CPU
		{4D16A77E-46E3-44C6-9DB5-A35D310887CC}.Release|x64.Build.0 = Release|Any CPU
		{4D16A77E-46E3-44C6-9DB5-A35D310887CC}.Release|x86.ActiveCfg = Release|Any CPU
		{4D16A77E-46E3-44C6-9DB5-A35D310887CC}.Release|x86.Build.0 = Release|Any CPU
	EndGlobalSection
	GlobalSection(SolutionProperties) = preSolution
		HideSolutionNode = FALSE
	EndGlobalSection
	GlobalSection(ExtensibilityGlobals) = postSolution
		SolutionGuid = {5B01D974-9F31-4B8A-B825-CF818D2836B4}
	EndGlobalSection
EndGlobal
